
Microsoft Visual Studio Solution File, Format Version 12.00
# Visual Studio Version 17
VisualStudioVersion = 17.9.34701.34
MinimumVisualStudioVersion = 10.0.40219.1
Project("{FAE04EC0-301F-11D3-BF4B-00C04F79EFBC}") = "Loggy", "Loggy\Loggy.csproj", "{56D96DAD-03CB-433A-B7A3-F4258A519032}"
EndProject
Global
	GlobalSection(SolutionConfigurationPlatforms) = preSolution
		Debug|Any CPU = Debug|Any CPU
		Release|Any CPU = Release|Any CPU
	EndGlobalSection
	GlobalSection(ProjectConfigurationPlatforms) = postSolution
		{56D96DAD-03CB-433A-B7A3-F4258A519032}.Debug|Any CPU.ActiveCfg = Debug|Any CPU
		{56D96DAD-03CB-433A-B7A3-F4258A519032}.Debug|Any CPU.Build.0 = Debug|Any CPU
		{56D96DAD-03CB-433A-B7A3-F4258A519032}.Release|Any CPU.ActiveCfg = Release|Any CPU
		{56D96DAD-03CB-433A-B7A3-F4258A519032}.Release|Any CPU.Build.0 = Release|Any CPU
	EndGlobalSection
	GlobalSection(SolutionProperties) = preSolution
		HideSolutionNode = FALSE
	EndGlobalSection
	GlobalSection(ExtensibilityGlobals) = postSolution
		SolutionGuid = {9247F909-235A-4256-A935-E184CB734473}
	EndGlobalSection
EndGlobal
